
Microsoft Visual Studio Solution File, Format Version 12.00
# Visual Studio Version 16
VisualStudioVersion = 16.0.29001.49
MinimumVisualStudioVersion = 10.0.40219.1
Project("{FAE04EC0-301F-11D3-BF4B-00C04F79EFBC}") = "SSTU.OntologyExtender", "OntologyExtender\SSTU.OntologyExtender.csproj", "{24C0721F-AF7A-4124-98AC-8D1A55FE7C00}"
EndProject
Project("{FAE04EC0-301F-11D3-BF4B-00C04F79EFBC}") = "SSTU.PatternsProcesser", "SSTU.PatternsCreator\SSTU.PatternsProcesser.csproj", "{B945FE5A-82B1-4FC3-93C9-22B3C1F1DB93}"
EndProject
Project("{FAE04EC0-301F-11D3-BF4B-00C04F79EFBC}") = "SSTU.FactsProcesser", "SSTU.FactsProcesser\SSTU.FactsProcesser.csproj", "{319F17B9-A7B2-4F8B-8502-3AB821288390}"
EndProject
Global
	GlobalSection(SolutionConfigurationPlatforms) = preSolution
		Debug|Any CPU = Debug|Any CPU
		Release|Any CPU = Release|Any CPU
	EndGlobalSection
	GlobalSection(ProjectConfigurationPlatforms) = postSolution
		{24C0721F-AF7A-4124-98AC-8D1A55FE7C00}.Debug|Any CPU.ActiveCfg = Debug|Any CPU
		{24C0721F-AF7A-4124-98AC-8D1A55FE7C00}.Debug|Any CPU.Build.0 = Debug|Any CPU
		{24C0721F-AF7A-4124-98AC-8D1A55FE7C00}.Release|Any CPU.ActiveCfg = Release|Any CPU
		{24C0721F-AF7A-4124-98AC-8D1A55FE7C00}.Release|Any CPU.Build.0 = Release|Any CPU
		{B945FE5A-82B1-4FC3-93C9-22B3C1F1DB93}.Debug|Any CPU.ActiveCfg = Debug|Any CPU
		{B945FE5A-82B1-4FC3-93C9-22B3C1F1DB93}.Debug|Any CPU.Build.0 = Debug|Any CPU
		{B945FE5A-82B1-4FC3-93C9-22B3C1F1DB93}.Release|Any CPU.ActiveCfg = Release|Any CPU
		{B945FE5A-82B1-4FC3-93C9-22B3C1F1DB93}.Release|Any CPU.Build.0 = Release|Any CPU
		{319F17B9-A7B2-4F8B-8502-3AB821288390}.Debug|Any CPU.ActiveCfg = Debug|Any CPU
		{319F17B9-A7B2-4F8B-8502-3AB821288390}.Debug|Any CPU.Build.0 = Debug|Any CPU
		{319F17B9-A7B2-4F8B-8502-3AB821288390}.Release|Any CPU.ActiveCfg = Release|Any CPU
		{319F17B9-A7B2-4F8B-8502-3AB821288390}.Release|Any CPU.Build.0 = Release|Any CPU
	EndGlobalSection
	GlobalSection(SolutionProperties) = preSolution
		HideSolutionNode = FALSE
	EndGlobalSection
	GlobalSection(ExtensibilityGlobals) = postSolution
		SolutionGuid = {77D562D6-A074-49BD-9568-DDD4812279F5}
	EndGlobalSection
EndGlobal
